
Microsoft Visual Studio Solution File, Format Version 12.00
# Visual Studio Version 16
VisualStudioVersion = 16.0.29728.190
MinimumVisualStudioVersion = 10.0.40219.1
Project("{9A19103F-16F7-4668-BE54-9A1E7A4F7556}") = "Entities", "Entyties\Entities.csproj", "{CFACF2A8-6172-4A26-B5D4-1FB39BB7AF48}"
EndProject
Project("{9A19103F-16F7-4668-BE54-9A1E7A4F7556}") = "WebApiQandA", "WebApiQandA\WebApiQandA.csproj", "{3D98BC89-737A-4C28-A70F-EA164099F149}"
EndProject
Global
	GlobalSection(SolutionConfigurationPlatforms) = preSolution
		Debug|Any CPU = Debug|Any CPU
		Release|Any CPU = Release|Any CPU
	EndGlobalSection
	GlobalSection(ProjectConfigurationPlatforms) = postSolution
		{CFACF2A8-6172-4A26-B5D4-1FB39BB7AF48}.Debug|Any CPU.ActiveCfg = Debug|Any CPU
		{CFACF2A8-6172-4A26-B5D4-1FB39BB7AF48}.Debug|Any CPU.Build.0 = Debug|Any CPU
		{CFACF2A8-6172-4A26-B5D4-1FB39BB7AF48}.Release|Any CPU.ActiveCfg = Release|Any CPU
		{CFACF2A8-6172-4A26-B5D4-1FB39BB7AF48}.Release|Any CPU.Build.0 = Release|Any CPU
		{3D98BC89-737A-4C28-A70F-EA164099F149}.Debug|Any CPU.ActiveCfg = Debug|Any CPU
		{3D98BC89-737A-4C28-A70F-EA164099F149}.Debug|Any CPU.Build.0 = Debug|Any CPU
		{3D98BC89-737A-4C28-A70F-EA164099F149}.Release|Any CPU.ActiveCfg = Release|Any CPU
		{3D98BC89-737A-4C28-A70F-EA164099F149}.Release|Any CPU.Build.0 = Release|Any CPU
	EndGlobalSection
	GlobalSection(SolutionProperties) = preSolution
		HideSolutionNode = FALSE
	EndGlobalSection
	GlobalSection(ExtensibilityGlobals) = postSolution
		SolutionGuid = {BADF0D48-CA5E-43F9-84BF-36999677C3F2}
	EndGlobalSection
EndGlobal
