
Microsoft Visual Studio Solution File, Format Version 12.00
# Visual Studio Version 16
VisualStudioVersion = 16.0.29728.190
MinimumVisualStudioVersion = 10.0.40219.1
Project("{9A19103F-16F7-4668-BE54-9A1E7A4F7556}") = "WebApiQandA", "WebApiQandA.csproj", "{00FD9267-EBA4-40CD-9613-A7CD2C33065B}"
EndProject
Global
	GlobalSection(SolutionConfigurationPlatforms) = preSolution
		Debug|Any CPU = Debug|Any CPU
		Release|Any CPU = Release|Any CPU
	EndGlobalSection
	GlobalSection(ProjectConfigurationPlatforms) = postSolution
		{00FD9267-EBA4-40CD-9613-A7CD2C33065B}.Debug|Any CPU.ActiveCfg = Debug|Any CPU
		{00FD9267-EBA4-40CD-9613-A7CD2C33065B}.Debug|Any CPU.Build.0 = Debug|Any CPU
		{00FD9267-EBA4-40CD-9613-A7CD2C33065B}.Release|Any CPU.ActiveCfg = Release|Any CPU
		{00FD9267-EBA4-40CD-9613-A7CD2C33065B}.Release|Any CPU.Build.0 = Release|Any CPU
	EndGlobalSection
	GlobalSection(SolutionProperties) = preSolution
		HideSolutionNode = FALSE
	EndGlobalSection
	GlobalSection(ExtensibilityGlobals) = postSolution
		SolutionGuid = {BADF0D48-CA5E-43F9-84BF-36999677C3F2}
	EndGlobalSection
EndGlobal
